// !$*UTF8*$!
{
	archiveVersion = 1;
	classes = {
	};
	objectVersion = 46;
	objects = {

/* Begin PBXBuildFile section */
		27013AB21E443C7C002E0582 /* PhotosViewController.swift in Sources */ = {isa = PBXBuildFile; fileRef = 27013AB11E443C7C002E0582 /* PhotosViewController.swift */; };
		27013AB41E443F83002E0582 /* TumblrCell.swift in Sources */ = {isa = PBXBuildFile; fileRef = 27013AB31E443F83002E0582 /* TumblrCell.swift */; };
		275987E31E443AB5003F4887 /* AppDelegate.swift in Sources */ = {isa = PBXBuildFile; fileRef = 275987E21E443AB5003F4887 /* AppDelegate.swift */; };
		275987E81E443AB5003F4887 /* Main.storyboard in Resources */ = {isa = PBXBuildFile; fileRef = 275987E61E443AB5003F4887 /* Main.storyboard */; };
		275987EA1E443AB5003F4887 /* Assets.xcassets in Resources */ = {isa = PBXBuildFile; fileRef = 275987E91E443AB5003F4887 /* Assets.xcassets */; };
		275987ED1E443AB5003F4887 /* LaunchScreen.storyboard in Resources */ = {isa = PBXBuildFile; fileRef = 275987EB1E443AB5003F4887 /* LaunchScreen.storyboard */; };
		48785F7CAD2C311961AFDAC4 /* Pods_Tumblr_Feed.framework in Frameworks */ = {isa = PBXBuildFile; fileRef = CCE642C617E866F6C0FAE9DA /* Pods_Tumblr_Feed.framework */; };
		6EDA1FAA1E4D747B00B106AE /* PhotoDetailsViewController.swift in Sources */ = {isa = PBXBuildFile; fileRef = 6EDA1FA91E4D747B00B106AE /* PhotoDetailsViewController.swift */; };
		6EDA1FAD1E4D80BA00B106AE /* FullScreenPhotoViewController.swift in Sources */ = {isa = PBXBuildFile; fileRef = 6EDA1FAC1E4D80BA00B106AE /* FullScreenPhotoViewController.swift */; };
/* End PBXBuildFile section */

/* Begin PBXFileReference section */
		27013AB11E443C7C002E0582 /* PhotosViewController.swift */ = {isa = PBXFileReference; fileEncoding = 4; lastKnownFileType = sourcecode.swift; path = PhotosViewController.swift; sourceTree = "<group>"; };
		27013AB31E443F83002E0582 /* TumblrCell.swift */ = {isa = PBXFileReference; fileEncoding = 4; lastKnownFileType = sourcecode.swift; path = TumblrCell.swift; sourceTree = "<group>"; };
		275987DF1E443AB5003F4887 /* Tumblr Feed.app */ = {isa = PBXFileReference; explicitFileType = wrapper.application; includeInIndex = 0; path = "Tumblr Feed.app"; sourceTree = BUILT_PRODUCTS_DIR; };
		275987E21E443AB5003F4887 /* AppDelegate.swift */ = {isa = PBXFileReference; lastKnownFileType = sourcecode.swift; path = AppDelegate.swift; sourceTree = "<group>"; };
		275987E71E443AB5003F4887 /* Base */ = {isa = PBXFileReference; lastKnownFileType = file.storyboard; name = Base; path = Base.lproj/Main.storyboard; sourceTree = "<group>"; };
		275987E91E443AB5003F4887 /* Assets.xcassets */ = {isa = PBXFileReference; lastKnownFileType = folder.assetcatalog; path = Assets.xcassets; sourceTree = "<group>"; };
		275987EC1E443AB5003F4887 /* Base */ = {isa = PBXFileReference; lastKnownFileType = file.storyboard; name = Base; path = Base.lproj/LaunchScreen.storyboard; sourceTree = "<group>"; };
		275987EE1E443AB5003F4887 /* Info.plist */ = {isa = PBXFileReference; lastKnownFileType = text.plist.xml; path = Info.plist; sourceTree = "<group>"; };
		635A499FC79AAF21C0F9AC78 /* Pods-Tumblr Feed.release.xcconfig */ = {isa = PBXFileReference; includeInIndex = 1; lastKnownFileType = text.xcconfig; name = "Pods-Tumblr Feed.release.xcconfig"; path = "Pods/Target Support Files/Pods-Tumblr Feed/Pods-Tumblr Feed.release.xcconfig"; sourceTree = "<group>"; };
		6EDA1FA91E4D747B00B106AE /* PhotoDetailsViewController.swift */ = {isa = PBXFileReference; fileEncoding = 4; lastKnownFileType = sourcecode.swift; path = PhotoDetailsViewController.swift; sourceTree = "<group>"; };
		6EDA1FAC1E4D80BA00B106AE /* FullScreenPhotoViewController.swift */ = {isa = PBXFileReference; fileEncoding = 4; lastKnownFileType = sourcecode.swift; path = FullScreenPhotoViewController.swift; sourceTree = "<group>"; };
		C1AFAA38DBA18933CE35BE0A /* Pods-Tumblr Feed.debug.xcconfig */ = {isa = PBXFileReference; includeInIndex = 1; lastKnownFileType = text.xcconfig; name = "Pods-Tumblr Feed.debug.xcconfig"; path = "Pods/Target Support Files/Pods-Tumblr Feed/Pods-Tumblr Feed.debug.xcconfig"; sourceTree = "<group>"; };
		CCE642C617E866F6C0FAE9DA /* Pods_Tumblr_Feed.framework */ = {isa = PBXFileReference; explicitFileType = wrapper.framework; includeInIndex = 0; path = Pods_Tumblr_Feed.framework; sourceTree = BUILT_PRODUCTS_DIR; };
/* End PBXFileReference section */

/* Begin PBXFrameworksBuildPhase section */
		275987DC1E443AB5003F4887 /* Frameworks */ = {
			isa = PBXFrameworksBuildPhase;
			buildActionMask = 2147483647;
			files = (
				48785F7CAD2C311961AFDAC4 /* Pods_Tumblr_Feed.framework in Frameworks */,
			);
			runOnlyForDeploymentPostprocessing = 0;
		};
/* End PBXFrameworksBuildPhase section */

/* Begin PBXGroup section */
		275987D61E443AB5003F4887 = {
			isa = PBXGroup;
			children = (
				275987E11E443AB5003F4887 /* Tumblr Feed */,
				275987E01E443AB5003F4887 /* Products */,
				910827971A38D99E1F289373 /* Pods */,
				A1F97C92C8DAF71B18CF7E16 /* Frameworks */,
			);
			sourceTree = "<group>";
		};
		275987E01E443AB5003F4887 /* Products */ = {
			isa = PBXGroup;
			children = (
				275987DF1E443AB5003F4887 /* Tumblr Feed.app */,
			);
			name = Products;
			sourceTree = "<group>";
		};
		275987E11E443AB5003F4887 /* Tumblr Feed */ = {
			isa = PBXGroup;
			children = (
				275987E21E443AB5003F4887 /* AppDelegate.swift */,
				275987E61E443AB5003F4887 /* Main.storyboard */,
				6EDA1FAB1E4D752600B106AE /* ViewControllers */,
				275987E91E443AB5003F4887 /* Assets.xcassets */,
				275987EB1E443AB5003F4887 /* LaunchScreen.storyboard */,
				275987EE1E443AB5003F4887 /* Info.plist */,
				27013AB31E443F83002E0582 /* TumblrCell.swift */,
			);
			path = "Tumblr Feed";
			sourceTree = "<group>";
		};
		6EDA1FAB1E4D752600B106AE /* ViewControllers */ = {
			isa = PBXGroup;
			children = (
				27013AB11E443C7C002E0582 /* PhotosViewController.swift */,
				6EDA1FA91E4D747B00B106AE /* PhotoDetailsViewController.swift */,
				6EDA1FAC1E4D80BA00B106AE /* FullScreenPhotoViewController.swift */,
			);
			name = ViewControllers;
			sourceTree = "<group>";
		};
		910827971A38D99E1F289373 /* Pods */ = {
			isa = PBXGroup;
			children = (
				C1AFAA38DBA18933CE35BE0A /* Pods-Tumblr Feed.debug.xcconfig */,
				635A499FC79AAF21C0F9AC78 /* Pods-Tumblr Feed.release.xcconfig */,
			);
			name = Pods;
			sourceTree = "<group>";
		};
		A1F97C92C8DAF71B18CF7E16 /* Frameworks */ = {
			isa = PBXGroup;
			children = (
				CCE642C617E866F6C0FAE9DA /* Pods_Tumblr_Feed.framework */,
			);
			name = Frameworks;
			sourceTree = "<group>";
		};
/* End PBXGroup section */

/* Begin PBXNativeTarget section */
		275987DE1E443AB5003F4887 /* Tumblr Feed */ = {
			isa = PBXNativeTarget;
			buildConfigurationList = 275987F11E443AB5003F4887 /* Build configuration list for PBXNativeTarget "Tumblr Feed" */;
			buildPhases = (
				4E26DDB32939E25D406B2CD8 /* [CP] Check Pods Manifest.lock */,
				275987DB1E443AB5003F4887 /* Sources */,
				275987DC1E443AB5003F4887 /* Frameworks */,
				275987DD1E443AB5003F4887 /* Resources */,
				7F7D975A5764D5A695BDBED4 /* [CP] Embed Pods Frameworks */,
				3546A13EBDEBC82D7B370341 /* [CP] Copy Pods Resources */,
			);
			buildRules = (
			);
			dependencies = (
			);
			name = "Tumblr Feed";
			productName = "Tumblr Feed";
			productReference = 275987DF1E443AB5003F4887 /* Tumblr Feed.app */;
			productType = "com.apple.product-type.application";
		};
/* End PBXNativeTarget section */

/* Begin PBXProject section */
		275987D71E443AB5003F4887 /* Project object */ = {
			isa = PBXProject;
			attributes = {
				LastSwiftUpdateCheck = 0820;
				LastUpgradeCheck = 0820;
				ORGANIZATIONNAME = "Kyle Sit";
				TargetAttributes = {
					275987DE1E443AB5003F4887 = {
						CreatedOnToolsVersion = 8.2.1;
						ProvisioningStyle = Automatic;
					};
				};
			};
			buildConfigurationList = 275987DA1E443AB5003F4887 /* Build configuration list for PBXProject "Tumblr Feed" */;
			compatibilityVersion = "Xcode 3.2";
			developmentRegion = English;
			hasScannedForEncodings = 0;
			knownRegions = (
				en,
				Base,
			);
			mainGroup = 275987D61E443AB5003F4887;
			productRefGroup = 275987E01E443AB5003F4887 /* Products */;
			projectDirPath = "";
			projectRoot = "";
			targets = (
				275987DE1E443AB5003F4887 /* Tumblr Feed */,
			);
		};
/* End PBXProject section */

/* Begin PBXResourcesBuildPhase section */
		275987DD1E443AB5003F4887 /* Resources */ = {
			isa = PBXResourcesBuildPhase;
			buildActionMask = 2147483647;
			files = (
				275987ED1E443AB5003F4887 /* LaunchScreen.storyboard in Resources */,
				275987EA1E443AB5003F4887 /* Assets.xcassets in Resources */,
				275987E81E443AB5003F4887 /* Main.storyboard in Resources */,
			);
			runOnlyForDeploymentPostprocessing = 0;
		};
/* End PBXResourcesBuildPhase section */

/* Begin PBXShellScriptBuildPhase section */
		3546A13EBDEBC82D7B370341 /* [CP] Copy Pods Resources */ = {
			isa = PBXShellScriptBuildPhase;
			buildActionMask = 2147483647;
			files = (
			);
			inputPaths = (
			);
			name = "[CP] Copy Pods Resources";
			outputPaths = (
			);
			runOnlyForDeploymentPostprocessing = 0;
			shellPath = /bin/sh;
			shellScript = "\"${SRCROOT}/Pods/Target Support Files/Pods-Tumblr Feed/Pods-Tumblr Feed-resources.sh\"\n";
			showEnvVarsInLog = 0;
		};
		4E26DDB32939E25D406B2CD8 /* [CP] Check Pods Manifest.lock */ = {
			isa = PBXShellScriptBuildPhase;
			buildActionMask = 2147483647;
			files = (
			);
			inputPaths = (
			);
			name = "[CP] Check Pods Manifest.lock";
			outputPaths = (
			);
			runOnlyForDeploymentPostprocessing = 0;
			shellPath = /bin/sh;
			shellScript = "diff \"${PODS_ROOT}/../Podfile.lock\" \"${PODS_ROOT}/Manifest.lock\" > /dev/null\nif [ $? != 0 ] ; then\n    # print error to STDERR\n    echo \"error: The sandbox is not in sync with the Podfile.lock. Run 'pod install' or update your CocoaPods installation.\" >&2\n    exit 1\nfi\n";
			showEnvVarsInLog = 0;
		};
		7F7D975A5764D5A695BDBED4 /* [CP] Embed Pods Frameworks */ = {
			isa = PBXShellScriptBuildPhase;
			buildActionMask = 2147483647;
			files = (
			);
			inputPaths = (
			);
			name = "[CP] Embed Pods Frameworks";
			outputPaths = (
			);
			runOnlyForDeploymentPostprocessing = 0;
			shellPath = /bin/sh;
			shellScript = "\"${SRCROOT}/Pods/Target Support Files/Pods-Tumblr Feed/Pods-Tumblr Feed-frameworks.sh\"\n";
			showEnvVarsInLog = 0;
		};
/* End PBXShellScriptBuildPhase section */

/* Begin PBXSourcesBuildPhase section */
		275987DB1E443AB5003F4887 /* Sources */ = {
			isa = PBXSourcesBuildPhase;
			buildActionMask = 2147483647;
			files = (
				6EDA1FAA1E4D747B00B106AE /* PhotoDetailsViewController.swift in Sources */,
				275987E31E443AB5003F4887 /* AppDelegate.swift in Sources */,
				27013AB41E443F83002E0582 /* TumblrCell.swift in Sources */,
				27013AB21E443C7C002E0582 /* PhotosViewController.swift in Sources */,
				6EDA1FAD1E4D80BA00B106AE /* FullScreenPhotoViewController.swift in Sources */,
			);
			runOnlyForDeploymentPostprocessing = 0;
		};
/* End PBXSourcesBuildPhase section */

/* Begin PBXVariantGroup section */
		275987E61E443AB5003F4887 /* Main.storyboard */ = {
			isa = PBXVariantGroup;
			children = (
				275987E71E443AB5003F4887 /* Base */,
			);
			name = Main.storyboard;
			sourceTree = "<group>";
		};
		275987EB1E443AB5003F4887 /* LaunchScreen.storyboard */ = {
			isa = PBXVariantGroup;
			children = (
				275987EC1E443AB5003F4887 /* Base */,
			);
			name = LaunchScreen.storyboard;
			sourceTree = "<group>";
		};
/* End PBXVariantGroup section */

/* Begin XCBuildConfiguration section */
		275987EF1E443AB5003F4887 /* Debug */ = {
			isa = XCBuildConfiguration;
			buildSettings = {
				ALWAYS_SEARCH_USER_PATHS = NO;
				CLANG_ANALYZER_NONNULL = YES;
				CLANG_CXX_LANGUAGE_STANDARD = "gnu++0x";
				CLANG_CXX_LIBRARY = "libc++";
				CLANG_ENABLE_MODULES = YES;
				CLANG_ENABLE_OBJC_ARC = YES;
				CLANG_WARN_BOOL_CONVERSION = YES;
				CLANG_WARN_CONSTANT_CONVERSION = YES;
				CLANG_WARN_DIRECT_OBJC_ISA_USAGE = YES_ERROR;
				CLANG_WARN_DOCUMENTATION_COMMENTS = YES;
				CLANG_WARN_EMPTY_BODY = YES;
				CLANG_WARN_ENUM_CONVERSION = YES;
				CLANG_WARN_INFINITE_RECURSION = YES;
				CLANG_WARN_INT_CONVERSION = YES;
				CLANG_WARN_OBJC_ROOT_CLASS = YES_ERROR;
				CLANG_WARN_SUSPICIOUS_MOVE = YES;
				CLANG_WARN_UNREACHABLE_CODE = YES;
				CLANG_WARN__DUPLICATE_METHOD_MATCH = YES;
				"CODE_SIGN_IDENTITY[sdk=iphoneos*]" = "iPhone Developer";
				COPY_PHASE_STRIP = NO;
				DEBUG_INFORMATION_FORMAT = dwarf;
				ENABLE_STRICT_OBJC_MSGSEND = YES;
				ENABLE_TESTABILITY = YES;
				GCC_C_LANGUAGE_STANDARD = gnu99;
				GCC_DYNAMIC_NO_PIC = NO;
				GCC_NO_COMMON_BLOCKS = YES;
				GCC_OPTIMIZATION_LEVEL = 0;
				GCC_PREPROCESSOR_DEFINITIONS = (
					"DEBUG=1",
					"$(inherited)",
				);
				GCC_WARN_64_TO_32_BIT_CONVERSION = YES;
				GCC_WARN_ABOUT_RETURN_TYPE = YES_ERROR;
				GCC_WARN_UNDECLARED_SELECTOR = YES;
				GCC_WARN_UNINITIALIZED_AUTOS = YES_AGGRESSIVE;
				GCC_WARN_UNUSED_FUNCTION = YES;
				GCC_WARN_UNUSED_VARIABLE = YES;
				IPHONEOS_DEPLOYMENT_TARGET = 10.2;
				MTL_ENABLE_DEBUG_INFO = YES;
				ONLY_ACTIVE_ARCH = YES;
				SDKROOT = iphoneos;
				SWIFT_ACTIVE_COMPILATION_CONDITIONS = DEBUG;
				SWIFT_OPTIMIZATION_LEVEL = "-Onone";
			};
			name = Debug;
		};
		275987F01E443AB5003F4887 /* Release */ = {
			isa = XCBuildConfiguration;
			buildSettings = {
				ALWAYS_SEARCH_USER_PATHS = NO;
				CLANG_ANALYZER_NONNULL = YES;
				CLANG_CXX_LANGUAGE_STANDARD = "gnu++0x";
				CLANG_CXX_LIBRARY = "libc++";
				CLANG_ENABLE_MODULES = YES;
				CLANG_ENABLE_OBJC_ARC = YES;
				CLANG_WARN_BOOL_CONVERSION = YES;
				CLANG_WARN_CONSTANT_CONVERSION = YES;
				CLANG_WARN_DIRECT_OBJC_ISA_USAGE = YES_ERROR;
				CLANG_WARN_DOCUMENTATION_COMMENTS = YES;
				CLANG_WARN_EMPTY_BODY = YES;
				CLANG_WARN_ENUM_CONVERSION = YES;
				CLANG_WARN_INFINITE_RECURSION = YES;
				CLANG_WARN_INT_CONVERSION = YES;
				CLANG_WARN_OBJC_ROOT_CLASS = YES_ERROR;
				CLANG_WARN_SUSPICIOUS_MOVE = YES;
				CLANG_WARN_UNREACHABLE_CODE = YES;
				CLANG_WARN__DUPLICATE_METHOD_MATCH = YES;
				"CODE_SIGN_IDENTITY[sdk=iphoneos*]" = "iPhone Developer";
				COPY_PHASE_STRIP = NO;
				DEBUG_INFORMATION_FORMAT = "dwarf-with-dsym";
				ENABLE_NS_ASSERTIONS = NO;
				ENABLE_STRICT_OBJC_MSGSEND = YES;
				GCC_C_LANGUAGE_STANDARD = gnu99;
				GCC_NO_COMMON_BLOCKS = YES;
				GCC_WARN_64_TO_32_BIT_CONVERSION = YES;
				GCC_WARN_ABOUT_RETURN_TYPE = YES_ERROR;
				GCC_WARN_UNDECLARED_SELECTOR = YES;
				GCC_WARN_UNINITIALIZED_AUTOS = YES_AGGRESSIVE;
				GCC_WARN_UNUSED_FUNCTION = YES;
				GCC_WARN_UNUSED_VARIABLE = YES;
				IPHONEOS_DEPLOYMENT_TARGET = 10.2;
				MTL_ENABLE_DEBUG_INFO = NO;
				SDKROOT = iphoneos;
				SWIFT_OPTIMIZATION_LEVEL = "-Owholemodule";
				VALIDATE_PRODUCT = YES;
			};
			name = Release;
		};
		275987F21E443AB5003F4887 /* Debug */ = {
			isa = XCBuildConfiguration;
			baseConfigurationReference = C1AFAA38DBA18933CE35BE0A /* Pods-Tumblr Feed.debug.xcconfig */;
			buildSettings = {
				ASSETCATALOG_COMPILER_APPICON_NAME = AppIcon;
				INFOPLIST_FILE = "Tumblr Feed/Info.plist";
				LD_RUNPATH_SEARCH_PATHS = "$(inherited) @executable_path/Frameworks";
				PRODUCT_BUNDLE_IDENTIFIER = "com.kylesit.Tumblr-Feed";
				PRODUCT_NAME = "$(TARGET_NAME)";
				SWIFT_VERSION = 3.0;
			};
			name = Debug;
		};
		275987F31E443AB5003F4887 /* Release */ = {
			isa = XCBuildConfiguration;
			baseConfigurationReference = 635A499FC79AAF21C0F9AC78 /* Pods-Tumblr Feed.release.xcconfig */;
			buildSettings = {
				ASSETCATALOG_COMPILER_APPICON_NAME = AppIcon;
				INFOPLIST_FILE = "Tumblr Feed/Info.plist";
				LD_RUNPATH_SEARCH_PATHS = "$(inherited) @executable_path/Frameworks";
				PRODUCT_BUNDLE_IDENTIFIER = "com.kylesit.Tumblr-Feed";
				PRODUCT_NAME = "$(TARGET_NAME)";
				SWIFT_VERSION = 3.0;
			};
			name = Release;
		};
/* End XCBuildConfiguration section */

/* Begin XCConfigurationList section */
		275987DA1E443AB5003F4887 /* Build configuration list for PBXProject "Tumblr Feed" */ = {
			isa = XCConfigurationList;
			buildConfigurations = (
				275987EF1E443AB5003F4887 /* Debug */,
				275987F01E443AB5003F4887 /* Release */,
			);
			defaultConfigurationIsVisible = 0;
			defaultConfigurationName = Release;
		};
		275987F11E443AB5003F4887 /* Build configuration list for PBXNativeTarget "Tumblr Feed" */ = {
			isa = XCConfigurationList;
			buildConfigurations = (
				275987F21E443AB5003F4887 /* Debug */,
				275987F31E443AB5003F4887 /* Release */,
			);
			defaultConfigurationIsVisible = 0;
			defaultConfigurationName = Release;
		};
/* End XCConfigurationList section */
	};
	rootObject = 275987D71E443AB5003F4887 /* Project object */;
}
